
Microsoft Visual Studio Solution File, Format Version 12.00
# Visual Studio Version 17
VisualStudioVersion = 17.13.35913.81 d17.13
MinimumVisualStudioVersion = 10.0.40219.1
Project("{FAE04EC0-301F-11D3-BF4B-00C04F79EFBC}") = "LAB5", "LAB5.csproj", "{AB1C2EF5-3950-4E38-9A3B-9A5E8D3FF22C}"
EndProject
Global
	GlobalSection(SolutionConfigurationPlatforms) = preSolution
		Debug|Any CPU = Debug|Any CPU
		Release|Any CPU = Release|Any CPU
	EndGlobalSection
	GlobalSection(ProjectConfigurationPlatforms) = postSolution
		{AB1C2EF5-3950-4E38-9A3B-9A5E8D3FF22C}.Debug|Any CPU.ActiveCfg = Debug|Any CPU
		{AB1C2EF5-3950-4E38-9A3B-9A5E8D3FF22C}.Debug|Any CPU.Build.0 = Debug|Any CPU
		{AB1C2EF5-3950-4E38-9A3B-9A5E8D3FF22C}.Release|Any CPU.ActiveCfg = Release|Any CPU
		{AB1C2EF5-3950-4E38-9A3B-9A5E8D3FF22C}.Release|Any CPU.Build.0 = Release|Any CPU
	EndGlobalSection
	GlobalSection(SolutionProperties) = preSolution
		HideSolutionNode = FALSE
	EndGlobalSection
	GlobalSection(ExtensibilityGlobals) = postSolution
		SolutionGuid = {926BB0A6-AA24-45DE-8567-1A92EE6E1735}
	EndGlobalSection
EndGlobal
