
Microsoft Visual Studio Solution File, Format Version 12.00
# Visual Studio Version 17
VisualStudioVersion = 17.13.35818.85 d17.13
MinimumVisualStudioVersion = 10.0.40219.1
Project("{FAE04EC0-301F-11D3-BF4B-00C04F79EFBC}") = "Lab2", "Lab2\Lab2.csproj", "{98A92E7D-124A-47AB-AEFE-D338DCD7292F}"
EndProject
Global
	GlobalSection(SolutionConfigurationPlatforms) = preSolution
		Debug|Any CPU = Debug|Any CPU
		Release|Any CPU = Release|Any CPU
	EndGlobalSection
	GlobalSection(ProjectConfigurationPlatforms) = postSolution
		{98A92E7D-124A-47AB-AEFE-D338DCD7292F}.Debug|Any CPU.ActiveCfg = Debug|Any CPU
		{98A92E7D-124A-47AB-AEFE-D338DCD7292F}.Debug|Any CPU.Build.0 = Debug|Any CPU
		{98A92E7D-124A-47AB-AEFE-D338DCD7292F}.Release|Any CPU.ActiveCfg = Release|Any CPU
		{98A92E7D-124A-47AB-AEFE-D338DCD7292F}.Release|Any CPU.Build.0 = Release|Any CPU
	EndGlobalSection
	GlobalSection(SolutionProperties) = preSolution
		HideSolutionNode = FALSE
	EndGlobalSection
	GlobalSection(ExtensibilityGlobals) = postSolution
		SolutionGuid = {4F031809-6911-4BEB-A857-F5EB99B0547D}
	EndGlobalSection
EndGlobal
